
Microsoft Visual Studio Solution File, Format Version 12.00
# Visual Studio Version 17
VisualStudioVersion = 17.8.34316.72
MinimumVisualStudioVersion = 10.0.40219.1
Project("{FAE04EC0-301F-11D3-BF4B-00C04F79EFBC}") = "sample-ocp-app", "sample-ocp-app\sample-ocp-app.csproj", "{45B80E57-2757-47F1-9CDD-9C4B261A03E1}"
EndProject
Global
	GlobalSection(SolutionConfigurationPlatforms) = preSolution
		Debug|Any CPU = Debug|Any CPU
		Release|Any CPU = Release|Any CPU
	EndGlobalSection
	GlobalSection(ProjectConfigurationPlatforms) = postSolution
		{45B80E57-2757-47F1-9CDD-9C4B261A03E1}.Debug|Any CPU.ActiveCfg = Debug|Any CPU
		{45B80E57-2757-47F1-9CDD-9C4B261A03E1}.Debug|Any CPU.Build.0 = Debug|Any CPU
		{45B80E57-2757-47F1-9CDD-9C4B261A03E1}.Release|Any CPU.ActiveCfg = Release|Any CPU
		{45B80E57-2757-47F1-9CDD-9C4B261A03E1}.Release|Any CPU.Build.0 = Release|Any CPU
	EndGlobalSection
	GlobalSection(SolutionProperties) = preSolution
		HideSolutionNode = FALSE
	EndGlobalSection
	GlobalSection(ExtensibilityGlobals) = postSolution
		SolutionGuid = {8A33B62A-4C69-4203-9C63-DDE75C2D99BA}
	EndGlobalSection
EndGlobal
